// !$*UTF8*$!
{
	archiveVersion = 1;
	classes = {
	};
	objectVersion = 48;
	objects = {

/* Begin PBXBuildFile section */
		39335B1521FCC10200268CB4 /* 851MkPOP_001.ttf in Resources */ = {isa = PBXBuildFile; fileRef = 39335B1421FCC10000268CB4 /* 851MkPOP_001.ttf */; };
		3954099D20E273650067E806 /* AppDelegate.swift in Sources */ = {isa = PBXBuildFile; fileRef = 3954099C20E273650067E806 /* AppDelegate.swift */; };
		3954099F20E273650067E806 /* DefaultViewController.swift in Sources */ = {isa = PBXBuildFile; fileRef = 3954099E20E273650067E806 /* DefaultViewController.swift */; };
		395409A220E273650067E806 /* Main.storyboard in Resources */ = {isa = PBXBuildFile; fileRef = 395409A020E273650067E806 /* Main.storyboard */; };
		395409A420E273650067E806 /* Assets.xcassets in Resources */ = {isa = PBXBuildFile; fileRef = 395409A320E273650067E806 /* Assets.xcassets */; };
		395409A720E273650067E806 /* LaunchScreen.storyboard in Resources */ = {isa = PBXBuildFile; fileRef = 395409A520E273650067E806 /* LaunchScreen.storyboard */; };
		395409B420E692E70067E806 /* InitialisePlayerPositionViewController.swift in Sources */ = {isa = PBXBuildFile; fileRef = 395409B320E692E70067E806 /* InitialisePlayerPositionViewController.swift */; };
		395409B620E6944B0067E806 /* PersonListViewController.swift in Sources */ = {isa = PBXBuildFile; fileRef = 395409B520E6944B0067E806 /* PersonListViewController.swift */; };
		39673546217333DF00D05D81 /* UnderDiscussionViewController.swift in Sources */ = {isa = PBXBuildFile; fileRef = 39673545217333DF00D05D81 /* UnderDiscussionViewController.swift */; };
		39673548217F5FDE00D05D81 /* TableDrawUtil.swift in Sources */ = {isa = PBXBuildFile; fileRef = 39673547217F5FDE00D05D81 /* TableDrawUtil.swift */; };
		3967354A2184197500D05D81 /* sozai_cman_jp_20181027123932.gif in Resources */ = {isa = PBXBuildFile; fileRef = 396735492184197500D05D81 /* sozai_cman_jp_20181027123932.gif */; };
		39CCFB3621D252960085151E /* AlertPickerView.swift in Sources */ = {isa = PBXBuildFile; fileRef = 39CCFB3521D252960085151E /* AlertPickerView.swift */; };
		B5D8409057A64EFFB35E4D5F /* Pods_HyperWerewolfSupporter.framework in Frameworks */ = {isa = PBXBuildFile; fileRef = 8109EE39BD42B88E9C9D9257 /* Pods_HyperWerewolfSupporter.framework */; };
/* End PBXBuildFile section */

/* Begin PBXFileReference section */
		39335B1421FCC10000268CB4 /* 851MkPOP_001.ttf */ = {isa = PBXFileReference; lastKnownFileType = file; path = 851MkPOP_001.ttf; sourceTree = "<group>"; };
		3954099920E273650067E806 /* HyperWerewolfSupporter.app */ = {isa = PBXFileReference; explicitFileType = wrapper.application; includeInIndex = 0; path = HyperWerewolfSupporter.app; sourceTree = BUILT_PRODUCTS_DIR; };
		3954099C20E273650067E806 /* AppDelegate.swift */ = {isa = PBXFileReference; lastKnownFileType = sourcecode.swift; path = AppDelegate.swift; sourceTree = "<group>"; };
		3954099E20E273650067E806 /* DefaultViewController.swift */ = {isa = PBXFileReference; lastKnownFileType = sourcecode.swift; path = DefaultViewController.swift; sourceTree = "<group>"; };
		395409A120E273650067E806 /* Base */ = {isa = PBXFileReference; lastKnownFileType = file.storyboard; name = Base; path = Base.lproj/Main.storyboard; sourceTree = "<group>"; };
		395409A320E273650067E806 /* Assets.xcassets */ = {isa = PBXFileReference; lastKnownFileType = folder.assetcatalog; path = Assets.xcassets; sourceTree = "<group>"; };
		395409A620E273650067E806 /* Base */ = {isa = PBXFileReference; lastKnownFileType = file.storyboard; name = Base; path = Base.lproj/LaunchScreen.storyboard; sourceTree = "<group>"; };
		395409A820E273650067E806 /* Info.plist */ = {isa = PBXFileReference; lastKnownFileType = text.plist.xml; path = Info.plist; sourceTree = "<group>"; };
		395409B320E692E70067E806 /* InitialisePlayerPositionViewController.swift */ = {isa = PBXFileReference; lastKnownFileType = sourcecode.swift; path = InitialisePlayerPositionViewController.swift; sourceTree = "<group>"; };
		395409B520E6944B0067E806 /* PersonListViewController.swift */ = {isa = PBXFileReference; lastKnownFileType = sourcecode.swift; path = PersonListViewController.swift; sourceTree = "<group>"; };
		39673545217333DF00D05D81 /* UnderDiscussionViewController.swift */ = {isa = PBXFileReference; lastKnownFileType = sourcecode.swift; path = UnderDiscussionViewController.swift; sourceTree = "<group>"; };
		39673547217F5FDE00D05D81 /* TableDrawUtil.swift */ = {isa = PBXFileReference; lastKnownFileType = sourcecode.swift; path = TableDrawUtil.swift; sourceTree = "<group>"; };
		396735492184197500D05D81 /* sozai_cman_jp_20181027123932.gif */ = {isa = PBXFileReference; lastKnownFileType = image.gif; path = sozai_cman_jp_20181027123932.gif; sourceTree = "<group>"; };
		39CCFB3521D252960085151E /* AlertPickerView.swift */ = {isa = PBXFileReference; lastKnownFileType = sourcecode.swift; path = AlertPickerView.swift; sourceTree = "<group>"; };
		8109EE39BD42B88E9C9D9257 /* Pods_HyperWerewolfSupporter.framework */ = {isa = PBXFileReference; explicitFileType = wrapper.framework; includeInIndex = 0; path = Pods_HyperWerewolfSupporter.framework; sourceTree = BUILT_PRODUCTS_DIR; };
		C7A9EA049E7ADE775B823120 /* Pods-HyperWerewolfSupporter.debug.xcconfig */ = {isa = PBXFileReference; includeInIndex = 1; lastKnownFileType = text.xcconfig; name = "Pods-HyperWerewolfSupporter.debug.xcconfig"; path = "Pods/Target Support Files/Pods-HyperWerewolfSupporter/Pods-HyperWerewolfSupporter.debug.xcconfig"; sourceTree = "<group>"; };
		C98D52E69E2258E50C46EB88 /* Pods-HyperWerewolfSupporter.release.xcconfig */ = {isa = PBXFileReference; includeInIndex = 1; lastKnownFileType = text.xcconfig; name = "Pods-HyperWerewolfSupporter.release.xcconfig"; path = "Pods/Target Support Files/Pods-HyperWerewolfSupporter/Pods-HyperWerewolfSupporter.release.xcconfig"; sourceTree = "<group>"; };
/* End PBXFileReference section */

/* Begin PBXFrameworksBuildPhase section */
		3954099620E273650067E806 /* Frameworks */ = {
			isa = PBXFrameworksBuildPhase;
			buildActionMask = 2147483647;
			files = (
				B5D8409057A64EFFB35E4D5F /* Pods_HyperWerewolfSupporter.framework in Frameworks */,
			);
			runOnlyForDeploymentPostprocessing = 0;
		};
/* End PBXFrameworksBuildPhase section */

/* Begin PBXGroup section */
		3954099020E273650067E806 = {
			isa = PBXGroup;
			children = (
				3954099B20E273650067E806 /* HyperWerewolfSupporter */,
				395409B020E2766B0067E806 /* Resources */,
				3954099A20E273650067E806 /* Products */,
				F08BF7CB5AC9257F111C8861 /* Pods */,
				D603F4518E3E017499B78812 /* Frameworks */,
			);
			sourceTree = "<group>";
		};
		3954099A20E273650067E806 /* Products */ = {
			isa = PBXGroup;
			children = (
				3954099920E273650067E806 /* HyperWerewolfSupporter.app */,
			);
			name = Products;
			sourceTree = "<group>";
		};
		3954099B20E273650067E806 /* HyperWerewolfSupporter */ = {
			isa = PBXGroup;
			children = (
				39CCFB3521D252960085151E /* AlertPickerView.swift */,
				3954099C20E273650067E806 /* AppDelegate.swift */,
				3954099E20E273650067E806 /* DefaultViewController.swift */,
				395409B320E692E70067E806 /* InitialisePlayerPositionViewController.swift */,
				39673545217333DF00D05D81 /* UnderDiscussionViewController.swift */,
				39673547217F5FDE00D05D81 /* TableDrawUtil.swift */,
				395409B520E6944B0067E806 /* PersonListViewController.swift */,
				395409A020E273650067E806 /* Main.storyboard */,
				395409A320E273650067E806 /* Assets.xcassets */,
				395409A520E273650067E806 /* LaunchScreen.storyboard */,
				395409A820E273650067E806 /* Info.plist */,
			);
			path = HyperWerewolfSupporter;
			sourceTree = "<group>";
		};
		395409B020E2766B0067E806 /* Resources */ = {
			isa = PBXGroup;
			children = (
				39335B1421FCC10000268CB4 /* 851MkPOP_001.ttf */,
				396735492184197500D05D81 /* sozai_cman_jp_20181027123932.gif */,
			);
			path = Resources;
			sourceTree = "<group>";
		};
		D603F4518E3E017499B78812 /* Frameworks */ = {
			isa = PBXGroup;
			children = (
				8109EE39BD42B88E9C9D9257 /* Pods_HyperWerewolfSupporter.framework */,
			);
			name = Frameworks;
			sourceTree = "<group>";
		};
		F08BF7CB5AC9257F111C8861 /* Pods */ = {
			isa = PBXGroup;
			children = (
				C7A9EA049E7ADE775B823120 /* Pods-HyperWerewolfSupporter.debug.xcconfig */,
				C98D52E69E2258E50C46EB88 /* Pods-HyperWerewolfSupporter.release.xcconfig */,
			);
			name = Pods;
			sourceTree = "<group>";
		};
/* End PBXGroup section */

/* Begin PBXNativeTarget section */
		3954099820E273650067E806 /* HyperWerewolfSupporter */ = {
			isa = PBXNativeTarget;
			buildConfigurationList = 395409AB20E273650067E806 /* Build configuration list for PBXNativeTarget "HyperWerewolfSupporter" */;
			buildPhases = (
				98FDCBEBBBA0B4EA2BB565D5 /* [CP] Check Pods Manifest.lock */,
				3954099520E273650067E806 /* Sources */,
				3954099620E273650067E806 /* Frameworks */,
				3954099720E273650067E806 /* Resources */,
				EA9324207300DEF4F6F73F05 /* [CP] Embed Pods Frameworks */,
			);
			buildRules = (
			);
			dependencies = (
			);
			name = HyperWerewolfSupporter;
			productName = HyperWerewolfSupporter;
			productReference = 3954099920E273650067E806 /* HyperWerewolfSupporter.app */;
			productType = "com.apple.product-type.application";
		};
/* End PBXNativeTarget section */

/* Begin PBXProject section */
		3954099120E273650067E806 /* Project object */ = {
			isa = PBXProject;
			attributes = {
				LastSwiftUpdateCheck = 0920;
				LastUpgradeCheck = 0920;
				ORGANIZATIONNAME = mycompany;
				TargetAttributes = {
					3954099820E273650067E806 = {
						CreatedOnToolsVersion = 9.2;
						LastSwiftMigration = 1010;
						ProvisioningStyle = Automatic;
					};
				};
			};
			buildConfigurationList = 3954099420E273650067E806 /* Build configuration list for PBXProject "HyperWerewolfSupporter" */;
			compatibilityVersion = "Xcode 8.0";
			developmentRegion = en;
			hasScannedForEncodings = 0;
			knownRegions = (
				en,
				Base,
			);
			mainGroup = 3954099020E273650067E806;
			productRefGroup = 3954099A20E273650067E806 /* Products */;
			projectDirPath = "";
			projectRoot = "";
			targets = (
				3954099820E273650067E806 /* HyperWerewolfSupporter */,
			);
		};
/* End PBXProject section */

/* Begin PBXResourcesBuildPhase section */
		3954099720E273650067E806 /* Resources */ = {
			isa = PBXResourcesBuildPhase;
			buildActionMask = 2147483647;
			files = (
				395409A720E273650067E806 /* LaunchScreen.storyboard in Resources */,
				395409A420E273650067E806 /* Assets.xcassets in Resources */,
				395409A220E273650067E806 /* Main.storyboard in Resources */,
				3967354A2184197500D05D81 /* sozai_cman_jp_20181027123932.gif in Resources */,
				39335B1521FCC10200268CB4 /* 851MkPOP_001.ttf in Resources */,
			);
			runOnlyForDeploymentPostprocessing = 0;
		};
/* End PBXResourcesBuildPhase section */

/* Begin PBXShellScriptBuildPhase section */
		98FDCBEBBBA0B4EA2BB565D5 /* [CP] Check Pods Manifest.lock */ = {
			isa = PBXShellScriptBuildPhase;
			buildActionMask = 2147483647;
			files = (
			);
			inputFileListPaths = (
			);
			inputPaths = (
				"${PODS_PODFILE_DIR_PATH}/Podfile.lock",
				"${PODS_ROOT}/Manifest.lock",
			);
			name = "[CP] Check Pods Manifest.lock";
			outputFileListPaths = (
			);
			outputPaths = (
				"$(DERIVED_FILE_DIR)/Pods-HyperWerewolfSupporter-checkManifestLockResult.txt",
			);
			runOnlyForDeploymentPostprocessing = 0;
			shellPath = /bin/sh;
			shellScript = "diff \"${PODS_PODFILE_DIR_PATH}/Podfile.lock\" \"${PODS_ROOT}/Manifest.lock\" > /dev/null\nif [ $? != 0 ] ; then\n    # print error to STDERR\n    echo \"error: The sandbox is not in sync with the Podfile.lock. Run 'pod install' or update your CocoaPods installation.\" >&2\n    exit 1\nfi\n# This output is used by Xcode 'outputs' to avoid re-running this script phase.\necho \"SUCCESS\" > \"${SCRIPT_OUTPUT_FILE_0}\"\n";
			showEnvVarsInLog = 0;
		};
		EA9324207300DEF4F6F73F05 /* [CP] Embed Pods Frameworks */ = {
			isa = PBXShellScriptBuildPhase;
			buildActionMask = 2147483647;
			files = (
			);
			inputFileListPaths = (
			);
			inputPaths = (
				"${SRCROOT}/Pods/Target Support Files/Pods-HyperWerewolfSupporter/Pods-HyperWerewolfSupporter-frameworks.sh",
				"${BUILT_PRODUCTS_DIR}/Gecco/Gecco.framework",
			);
			name = "[CP] Embed Pods Frameworks";
			outputFileListPaths = (
			);
			outputPaths = (
				"${TARGET_BUILD_DIR}/${FRAMEWORKS_FOLDER_PATH}/Gecco.framework",
			);
			runOnlyForDeploymentPostprocessing = 0;
			shellPath = /bin/sh;
			shellScript = "\"${SRCROOT}/Pods/Target Support Files/Pods-HyperWerewolfSupporter/Pods-HyperWerewolfSupporter-frameworks.sh\"\n";
			showEnvVarsInLog = 0;
		};
/* End PBXShellScriptBuildPhase section */

/* Begin PBXSourcesBuildPhase section */
		3954099520E273650067E806 /* Sources */ = {
			isa = PBXSourcesBuildPhase;
			buildActionMask = 2147483647;
			files = (
				3954099F20E273650067E806 /* DefaultViewController.swift in Sources */,
				39CCFB3621D252960085151E /* AlertPickerView.swift in Sources */,
				3954099D20E273650067E806 /* AppDelegate.swift in Sources */,
				39673546217333DF00D05D81 /* UnderDiscussionViewController.swift in Sources */,
				395409B420E692E70067E806 /* InitialisePlayerPositionViewController.swift in Sources */,
				39673548217F5FDE00D05D81 /* TableDrawUtil.swift in Sources */,
				395409B620E6944B0067E806 /* PersonListViewController.swift in Sources */,
			);
			runOnlyForDeploymentPostprocessing = 0;
		};
/* End PBXSourcesBuildPhase section */

/* Begin PBXVariantGroup section */
		395409A020E273650067E806 /* Main.storyboard */ = {
			isa = PBXVariantGroup;
			children = (
				395409A120E273650067E806 /* Base */,
			);
			name = Main.storyboard;
			sourceTree = "<group>";
		};
		395409A520E273650067E806 /* LaunchScreen.storyboard */ = {
			isa = PBXVariantGroup;
			children = (
				395409A620E273650067E806 /* Base */,
			);
			name = LaunchScreen.storyboard;
			sourceTree = "<group>";
		};
/* End PBXVariantGroup section */

/* Begin XCBuildConfiguration section */
		395409A920E273650067E806 /* Debug */ = {
			isa = XCBuildConfiguration;
			buildSettings = {
				ALWAYS_SEARCH_USER_PATHS = NO;
				CLANG_ANALYZER_NONNULL = YES;
				CLANG_ANALYZER_NUMBER_OBJECT_CONVERSION = YES_AGGRESSIVE;
				CLANG_CXX_LANGUAGE_STANDARD = "gnu++14";
				CLANG_CXX_LIBRARY = "libc++";
				CLANG_ENABLE_MODULES = YES;
				CLANG_ENABLE_OBJC_ARC = YES;
				CLANG_WARN_BLOCK_CAPTURE_AUTORELEASING = YES;
				CLANG_WARN_BOOL_CONVERSION = YES;
				CLANG_WARN_COMMA = YES;
				CLANG_WARN_CONSTANT_CONVERSION = YES;
				CLANG_WARN_DIRECT_OBJC_ISA_USAGE = YES_ERROR;
				CLANG_WARN_DOCUMENTATION_COMMENTS = YES;
				CLANG_WARN_EMPTY_BODY = YES;
				CLANG_WARN_ENUM_CONVERSION = YES;
				CLANG_WARN_INFINITE_RECURSION = YES;
				CLANG_WARN_INT_CONVERSION = YES;
				CLANG_WARN_NON_LITERAL_NULL_CONVERSION = YES;
				CLANG_WARN_OBJC_LITERAL_CONVERSION = YES;
				CLANG_WARN_OBJC_ROOT_CLASS = YES_ERROR;
				CLANG_WARN_RANGE_LOOP_ANALYSIS = YES;
				CLANG_WARN_STRICT_PROTOTYPES = YES;
				CLANG_WARN_SUSPICIOUS_MOVE = YES;
				CLANG_WARN_UNGUARDED_AVAILABILITY = YES_AGGRESSIVE;
				CLANG_WARN_UNREACHABLE_CODE = YES;
				CLANG_WARN__DUPLICATE_METHOD_MATCH = YES;
				CODE_SIGN_IDENTITY = "iPhone Developer";
				COPY_PHASE_STRIP = NO;
				DEBUG_INFORMATION_FORMAT = dwarf;
				ENABLE_STRICT_OBJC_MSGSEND = YES;
				ENABLE_TESTABILITY = YES;
				GCC_C_LANGUAGE_STANDARD = gnu11;
				GCC_DYNAMIC_NO_PIC = NO;
				GCC_NO_COMMON_BLOCKS = YES;
				GCC_OPTIMIZATION_LEVEL = 0;
				GCC_PREPROCESSOR_DEFINITIONS = (
					"DEBUG=1",
					"$(inherited)",
				);
				GCC_WARN_64_TO_32_BIT_CONVERSION = YES;
				GCC_WARN_ABOUT_RETURN_TYPE = YES_ERROR;
				GCC_WARN_UNDECLARED_SELECTOR = YES;
				GCC_WARN_UNINITIALIZED_AUTOS = YES_AGGRESSIVE;
				GCC_WARN_UNUSED_FUNCTION = YES;
				GCC_WARN_UNUSED_VARIABLE = YES;
				IPHONEOS_DEPLOYMENT_TARGET = 11.2;
				MTL_ENABLE_DEBUG_INFO = YES;
				ONLY_ACTIVE_ARCH = YES;
				SDKROOT = iphoneos;
				SWIFT_ACTIVE_COMPILATION_CONDITIONS = DEBUG;
				SWIFT_OPTIMIZATION_LEVEL = "-Onone";
			};
			name = Debug;
		};
		395409AA20E273650067E806 /* Release */ = {
			isa = XCBuildConfiguration;
			buildSettings = {
				ALWAYS_SEARCH_USER_PATHS = NO;
				CLANG_ANALYZER_NONNULL = YES;
				CLANG_ANALYZER_NUMBER_OBJECT_CONVERSION = YES_AGGRESSIVE;
				CLANG_CXX_LANGUAGE_STANDARD = "gnu++14";
				CLANG_CXX_LIBRARY = "libc++";
				CLANG_ENABLE_MODULES = YES;
				CLANG_ENABLE_OBJC_ARC = YES;
				CLANG_WARN_BLOCK_CAPTURE_AUTORELEASING = YES;
				CLANG_WARN_BOOL_CONVERSION = YES;
				CLANG_WARN_COMMA = YES;
				CLANG_WARN_CONSTANT_CONVERSION = YES;
				CLANG_WARN_DIRECT_OBJC_ISA_USAGE = YES_ERROR;
				CLANG_WARN_DOCUMENTATION_COMMENTS = YES;
				CLANG_WARN_EMPTY_BODY = YES;
				CLANG_WARN_ENUM_CONVERSION = YES;
				CLANG_WARN_INFINITE_RECURSION = YES;
				CLANG_WARN_INT_CONVERSION = YES;
				CLANG_WARN_NON_LITERAL_NULL_CONVERSION = YES;
				CLANG_WARN_OBJC_LITERAL_CONVERSION = YES;
				CLANG_WARN_OBJC_ROOT_CLASS = YES_ERROR;
				CLANG_WARN_RANGE_LOOP_ANALYSIS = YES;
				CLANG_WARN_STRICT_PROTOTYPES = YES;
				CLANG_WARN_SUSPICIOUS_MOVE = YES;
				CLANG_WARN_UNGUARDED_AVAILABILITY = YES_AGGRESSIVE;
				CLANG_WARN_UNREACHABLE_CODE = YES;
				CLANG_WARN__DUPLICATE_METHOD_MATCH = YES;
				CODE_SIGN_IDENTITY = "iPhone Developer";
				COPY_PHASE_STRIP = NO;
				DEBUG_INFORMATION_FORMAT = "dwarf-with-dsym";
				ENABLE_NS_ASSERTIONS = NO;
				ENABLE_STRICT_OBJC_MSGSEND = YES;
				GCC_C_LANGUAGE_STANDARD = gnu11;
				GCC_NO_COMMON_BLOCKS = YES;
				GCC_WARN_64_TO_32_BIT_CONVERSION = YES;
				GCC_WARN_ABOUT_RETURN_TYPE = YES_ERROR;
				GCC_WARN_UNDECLARED_SELECTOR = YES;
				GCC_WARN_UNINITIALIZED_AUTOS = YES_AGGRESSIVE;
				GCC_WARN_UNUSED_FUNCTION = YES;
				GCC_WARN_UNUSED_VARIABLE = YES;
				IPHONEOS_DEPLOYMENT_TARGET = 11.2;
				MTL_ENABLE_DEBUG_INFO = NO;
				SDKROOT = iphoneos;
				SWIFT_OPTIMIZATION_LEVEL = "-Owholemodule";
				VALIDATE_PRODUCT = YES;
			};
			name = Release;
		};
		395409AC20E273650067E806 /* Debug */ = {
			isa = XCBuildConfiguration;
			baseConfigurationReference = C7A9EA049E7ADE775B823120 /* Pods-HyperWerewolfSupporter.debug.xcconfig */;
			buildSettings = {
				ASSETCATALOG_COMPILER_APPICON_NAME = AppIcon;
				CODE_SIGN_STYLE = Automatic;
				INFOPLIST_FILE = HyperWerewolfSupporter/Info.plist;
				LD_RUNPATH_SEARCH_PATHS = "$(inherited) @executable_path/Frameworks";
				PRODUCT_BUNDLE_IDENTIFIER = com.mycompany.HyperWerewolfSupporter;
				PRODUCT_NAME = "$(TARGET_NAME)";
				SWIFT_VERSION = 4.2;
				TARGETED_DEVICE_FAMILY = "1,2";
			};
			name = Debug;
		};
		395409AD20E273650067E806 /* Release */ = {
			isa = XCBuildConfiguration;
			baseConfigurationReference = C98D52E69E2258E50C46EB88 /* Pods-HyperWerewolfSupporter.release.xcconfig */;
			buildSettings = {
				ASSETCATALOG_COMPILER_APPICON_NAME = AppIcon;
				CODE_SIGN_STYLE = Automatic;
				INFOPLIST_FILE = HyperWerewolfSupporter/Info.plist;
				LD_RUNPATH_SEARCH_PATHS = "$(inherited) @executable_path/Frameworks";
				PRODUCT_BUNDLE_IDENTIFIER = com.mycompany.HyperWerewolfSupporter;
				PRODUCT_NAME = "$(TARGET_NAME)";
				SWIFT_VERSION = 4.2;
				TARGETED_DEVICE_FAMILY = "1,2";
			};
			name = Release;
		};
/* End XCBuildConfiguration section */

/* Begin XCConfigurationList section */
		3954099420E273650067E806 /* Build configuration list for PBXProject "HyperWerewolfSupporter" */ = {
			isa = XCConfigurationList;
			buildConfigurations = (
				395409A920E273650067E806 /* Debug */,
				395409AA20E273650067E806 /* Release */,
			);
			defaultConfigurationIsVisible = 0;
			defaultConfigurationName = Release;
		};
		395409AB20E273650067E806 /* Build configuration list for PBXNativeTarget "HyperWerewolfSupporter" */ = {
			isa = XCConfigurationList;
			buildConfigurations = (
				395409AC20E273650067E806 /* Debug */,
				395409AD20E273650067E806 /* Release */,
			);
			defaultConfigurationIsVisible = 0;
			defaultConfigurationName = Release;
		};
/* End XCConfigurationList section */
	};
	rootObject = 3954099120E273650067E806 /* Project object */;
}
